
Microsoft Visual Studio Solution File, Format Version 12.00
Project("{FAE04EC0-301F-11D3-BF4B-00C04F79EFBC}") = "ClubMembershipApp", "ClubMembershipApp\ClubMembershipApp.csproj", "{8EFBC588-DB2C-4CD6-A415-4A91FA4005C8}"
EndProject
Project("{FAE04EC0-301F-11D3-BF4B-00C04F79EFBC}") = "FieldValidatorAPI", "FieldValidatorAPI\FieldValidatorAPI.csproj", "{B00504B6-2071-4773-84C8-2F42F18954C3}"
EndProject
Global
	GlobalSection(SolutionConfigurationPlatforms) = preSolution
		Debug|Any CPU = Debug|Any CPU
		Release|Any CPU = Release|Any CPU
	EndGlobalSection
	GlobalSection(ProjectConfigurationPlatforms) = postSolution
		{8EFBC588-DB2C-4CD6-A415-4A91FA4005C8}.Debug|Any CPU.ActiveCfg = Debug|Any CPU
		{8EFBC588-DB2C-4CD6-A415-4A91FA4005C8}.Debug|Any CPU.Build.0 = Debug|Any CPU
		{8EFBC588-DB2C-4CD6-A415-4A91FA4005C8}.Release|Any CPU.ActiveCfg = Release|Any CPU
		{8EFBC588-DB2C-4CD6-A415-4A91FA4005C8}.Release|Any CPU.Build.0 = Release|Any CPU
		{B00504B6-2071-4773-84C8-2F42F18954C3}.Debug|Any CPU.ActiveCfg = Debug|Any CPU
		{B00504B6-2071-4773-84C8-2F42F18954C3}.Debug|Any CPU.Build.0 = Debug|Any CPU
		{B00504B6-2071-4773-84C8-2F42F18954C3}.Release|Any CPU.ActiveCfg = Release|Any CPU
		{B00504B6-2071-4773-84C8-2F42F18954C3}.Release|Any CPU.Build.0 = Release|Any CPU
	EndGlobalSection
EndGlobal
